
Microsoft Visual Studio Solution File, Format Version 11.00
# Visual Studio 2010
Project("{FAE04EC0-301F-11D3-BF4B-00C04F79EFBC}") = "Assembly-CSharp", "Assembly-CSharp.csproj", "{A695E68A-A002-344F-58BE-4E064E41B5D2}"
EndProject
Project("{FAE04EC0-301F-11D3-BF4B-00C04F79EFBC}") = "NavMeshComponents", "NavMeshComponents.csproj", "{CC48900E-EC98-0ECC-FC8C-8ED6DA553E07}"
EndProject
Project("{FAE04EC0-301F-11D3-BF4B-00C04F79EFBC}") = "NavMeshComponentsEditor", "NavMeshComponentsEditor.csproj", "{605FFD3B-7E2E-F887-B845-1F401F0DFA37}"
EndProject
Global
	GlobalSection(SolutionConfigurationPlatforms) = preSolution
		Debug|Any CPU = Debug|Any CPU
		Release|Any CPU = Release|Any CPU
	EndGlobalSection
	GlobalSection(ProjectConfigurationPlatforms) = postSolution
		{A695E68A-A002-344F-58BE-4E064E41B5D2}.Debug|Any CPU.ActiveCfg = Debug|Any CPU
		{A695E68A-A002-344F-58BE-4E064E41B5D2}.Debug|Any CPU.Build.0 = Debug|Any CPU
		{A695E68A-A002-344F-58BE-4E064E41B5D2}.Release|Any CPU.ActiveCfg = Release|Any CPU
		{A695E68A-A002-344F-58BE-4E064E41B5D2}.Release|Any CPU.Build.0 = Release|Any CPU
		{CC48900E-EC98-0ECC-FC8C-8ED6DA553E07}.Debug|Any CPU.ActiveCfg = Debug|Any CPU
		{CC48900E-EC98-0ECC-FC8C-8ED6DA553E07}.Debug|Any CPU.Build.0 = Debug|Any CPU
		{CC48900E-EC98-0ECC-FC8C-8ED6DA553E07}.Release|Any CPU.ActiveCfg = Release|Any CPU
		{CC48900E-EC98-0ECC-FC8C-8ED6DA553E07}.Release|Any CPU.Build.0 = Release|Any CPU
		{605FFD3B-7E2E-F887-B845-1F401F0DFA37}.Debug|Any CPU.ActiveCfg = Debug|Any CPU
		{605FFD3B-7E2E-F887-B845-1F401F0DFA37}.Debug|Any CPU.Build.0 = Debug|Any CPU
		{605FFD3B-7E2E-F887-B845-1F401F0DFA37}.Release|Any CPU.ActiveCfg = Release|Any CPU
		{605FFD3B-7E2E-F887-B845-1F401F0DFA37}.Release|Any CPU.Build.0 = Release|Any CPU
	EndGlobalSection
	GlobalSection(SolutionProperties) = preSolution
		HideSolutionNode = FALSE
	EndGlobalSection
EndGlobal
